{
  "name": "express-starter",
  "version": "1.0.0",
  "lockfileVersion": 1,
  "requires": true,
  "dependencies": {
    "modern-normalize": {
      "version": "0.4.0",
      "resolved": "https://registry.npmjs.org/modern-normalize/-/modern-normalize-0.4.0.tgz",
      "integrity": "sha512-zp2sboXOwN7PVH0O7rzNweTFAOK0ObSZezOV9xNW71nvIbRFcGTlyLdlhH6dEFpx59rq11pjs3YGPXoKt0GekA=="
    }
  }
}
